
Microsoft Visual Studio Solution File, Format Version 12.00
Project("{FAE04EC0-301F-11D3-BF4B-00C04F79EFBC}") = "TASK-4", "TASK-4\TASK-4.csproj", "{971BDE41-7B2F-4792-AAC5-F2CD76B75654}"
EndProject
Global
	GlobalSection(SolutionConfigurationPlatforms) = preSolution
		Debug|Any CPU = Debug|Any CPU
		Release|Any CPU = Release|Any CPU
	EndGlobalSection
	GlobalSection(ProjectConfigurationPlatforms) = postSolution
		{971BDE41-7B2F-4792-AAC5-F2CD76B75654}.Debug|Any CPU.ActiveCfg = Debug|Any CPU
		{971BDE41-7B2F-4792-AAC5-F2CD76B75654}.Debug|Any CPU.Build.0 = Debug|Any CPU
		{971BDE41-7B2F-4792-AAC5-F2CD76B75654}.Release|Any CPU.ActiveCfg = Release|Any CPU
		{971BDE41-7B2F-4792-AAC5-F2CD76B75654}.Release|Any CPU.Build.0 = Release|Any CPU
	EndGlobalSection
EndGlobal
