
Microsoft Visual Studio Solution File, Format Version 12.00
Project("{FAE04EC0-301F-11D3-BF4B-00C04F79EFBC}") = "Task2_1", "Task2_1\Task2_1.csproj", "{EBF89724-1958-4B62-BFAE-5BD74C6C42D7}"
EndProject
Project("{FAE04EC0-301F-11D3-BF4B-00C04F79EFBC}") = "Task2_2", "Task2_2\Task2_2.csproj", "{6413A7B4-1232-4FE1-A28D-62F12729C292}"
EndProject
Global
	GlobalSection(SolutionConfigurationPlatforms) = preSolution
		Debug|Any CPU = Debug|Any CPU
		Release|Any CPU = Release|Any CPU
	EndGlobalSection
	GlobalSection(ProjectConfigurationPlatforms) = postSolution
		{EBF89724-1958-4B62-BFAE-5BD74C6C42D7}.Debug|Any CPU.ActiveCfg = Debug|Any CPU
		{EBF89724-1958-4B62-BFAE-5BD74C6C42D7}.Debug|Any CPU.Build.0 = Debug|Any CPU
		{EBF89724-1958-4B62-BFAE-5BD74C6C42D7}.Release|Any CPU.ActiveCfg = Release|Any CPU
		{EBF89724-1958-4B62-BFAE-5BD74C6C42D7}.Release|Any CPU.Build.0 = Release|Any CPU
		{6413A7B4-1232-4FE1-A28D-62F12729C292}.Debug|Any CPU.ActiveCfg = Debug|Any CPU
		{6413A7B4-1232-4FE1-A28D-62F12729C292}.Debug|Any CPU.Build.0 = Debug|Any CPU
		{6413A7B4-1232-4FE1-A28D-62F12729C292}.Release|Any CPU.ActiveCfg = Release|Any CPU
		{6413A7B4-1232-4FE1-A28D-62F12729C292}.Release|Any CPU.Build.0 = Release|Any CPU
	EndGlobalSection
EndGlobal
